
Microsoft Visual Studio Solution File, Format Version 12.00
# Visual Studio Version 17
VisualStudioVersion = 17.0.32126.317
MinimumVisualStudioVersion = 10.0.40219.1
Project("{FAE04EC0-301F-11D3-BF4B-00C04F79EFBC}") = "lab2", "lab2\lab2.csproj", "{F0F18340-D750-4877-A52C-7CFB11874786}"
EndProject
Global
	GlobalSection(SolutionConfigurationPlatforms) = preSolution
		Debug|Any CPU = Debug|Any CPU
		Release|Any CPU = Release|Any CPU
	EndGlobalSection
	GlobalSection(ProjectConfigurationPlatforms) = postSolution
		{F0F18340-D750-4877-A52C-7CFB11874786}.Debug|Any CPU.ActiveCfg = Debug|Any CPU
		{F0F18340-D750-4877-A52C-7CFB11874786}.Debug|Any CPU.Build.0 = Debug|Any CPU
		{F0F18340-D750-4877-A52C-7CFB11874786}.Release|Any CPU.ActiveCfg = Release|Any CPU
		{F0F18340-D750-4877-A52C-7CFB11874786}.Release|Any CPU.Build.0 = Release|Any CPU
	EndGlobalSection
	GlobalSection(SolutionProperties) = preSolution
		HideSolutionNode = FALSE
	EndGlobalSection
	GlobalSection(ExtensibilityGlobals) = postSolution
		SolutionGuid = {F9BF6A36-10EF-4B35-96F2-D3609D3D97A9}
	EndGlobalSection
EndGlobal
